{
  "name": "commit-agent",
  "version": "0.1.0",
  "lockfileVersion": 3,
  "requires": true,
  "packages": {
    "": {
      "name": "commit-agent",
      "version": "0.1.0",
      "bin": {
        "commit-agent": "scripts/ai-commit-generator.mjs"
      },
      "engines": {
        "node": ">=20"
      }
    }
  }
}
